
Microsoft Visual Studio Solution File, Format Version 12.00
# Visual Studio Version 17
VisualStudioVersion = 17.7.34031.279
MinimumVisualStudioVersion = 10.0.40219.1
Project("{FAE04EC0-301F-11D3-BF4B-00C04F79EFBC}") = "V-Max Tool", "V-Max Tool\V-Max Tool.csproj", "{68DF5996-E3EF-4DC4-A14B-2A96F62030AE}"
EndProject
Global
	GlobalSection(SolutionConfigurationPlatforms) = preSolution
		Debug|Any CPU = Debug|Any CPU
		Release|Any CPU = Release|Any CPU
	EndGlobalSection
	GlobalSection(ProjectConfigurationPlatforms) = postSolution
		{68DF5996-E3EF-4DC4-A14B-2A96F62030AE}.Debug|Any CPU.ActiveCfg = Debug|Any CPU
		{68DF5996-E3EF-4DC4-A14B-2A96F62030AE}.Debug|Any CPU.Build.0 = Debug|Any CPU
		{68DF5996-E3EF-4DC4-A14B-2A96F62030AE}.Release|Any CPU.ActiveCfg = Release|Any CPU
		{68DF5996-E3EF-4DC4-A14B-2A96F62030AE}.Release|Any CPU.Build.0 = Release|Any CPU
	EndGlobalSection
	GlobalSection(SolutionProperties) = preSolution
		HideSolutionNode = FALSE
	EndGlobalSection
	GlobalSection(ExtensibilityGlobals) = postSolution
		SolutionGuid = {34C51D58-5652-4115-AE06-4320A5948C20}
	EndGlobalSection
EndGlobal
